github.com/davecgh/go-spew v1.1.1 h1:vj9j/u1bqnvCEfJOwUhtlOARqs3+rkHYY13jYWTU97c=
github.com/dlclark/regexp2 v1.7.0 h1:7lJfhqlPssTb1WQx4yvTHN0uElPEv52sbaECrAQxjAo=
github.com/dlclark/regexp2 v1.7.0/go.mod h1:DHkYz0B9wPfa6wondMfaivmHpzrQ3v9q8cnmRbL6yW8=
github.com/golang-jwt/jwt v3.2.2+incompatible h1:IfV12K8xAKAnZqdXVzCZ+TOjboZ2keLg81eXfW3O+oY=
github.com/golang-jwt/jwt v3.2.2+incompatible/go.mod h1:8pz2t5EyA70fFQQSrl6XZXzqecmYZeUEB8OUGHkxJ+I=
github.com/joho/godotenv v1.5.1 h1:7eLL/+HRGLY0ldzfGMeQkb7vMd0as4CfYvUVzLqw0N0=
github.com/joho/godotenv v1.5.1/go.mod h1:f4LDr5Voq0i2e/R5DDNOoa2zzDfwtkZa6DnEwAbqwq4=
github.com/mattn/go-sqlite3 v1.14.16 h1:yOQRA0RpS5PFz/oikGwBEqvAWhWg5ufRz4ETLjwpU1Y=
github.com/mattn/go-sqlite3 v1.14.16/go.mod h1:2eHXhiwb8IkHr+BDWZGa96P6+rkvnG63S2DGjv9HUNg=
github.com/pmezard/go-difflib v1.0.0 h1:4DBwDE0NGyQoBHbLQYPwSUPoCMWR5BEzIk/f1lZbAQM=
github.com/robin-andreasson/fox v0.0.0-20230221182704-3218a1dd9d45 h1:vHXXZWEYFi+zWY6RWVneaACt++EXWuYOYxA2KV8YR6c=
github.com/robin-andreasson/fox v0.0.0-20230221182704-3218a1dd9d45/go.mod h1:JBh+Hze44ijPZ1+GuWrrlydv9PdJtm6ZCLBa5bKc760=
github.com/robin-andreasson/fox v0.0.0-20230304220049-4e85350035ae h1:D1OcDcyRSt9W/UjTVCOKdPb55Adj4oiOzqK1iMYMgxY=
github.com/robin-andreasson/fox v0.0.0-20230304220049-4e85350035ae/go.mod h1:JBh+Hze44ijPZ1+GuWrrlydv9PdJtm6ZCLBa5bKc760=
github.com/samber/lo v1.37.0 h1:XjVcB8g6tgUp8rsPsJ2CvhClfImrpL04YpQHXeHPhRw=
github.com/samber/lo v1.37.0/go.mod h1:9vaz2O4o8oOnK23pd2TrXufcbdbJIa3b6cstBWKpopA=
github.com/sandwich-go/gpt3-encoder v0.0.0-20230203030618-cd99729dd0dd h1:QN5WJmVBDTdmPsqYwLnhC/RocNkVVnNcUFTyC/8+0l0=
github.com/sandwich-go/gpt3-encoder v0.0.0-20230203030618-cd99729dd0dd/go.mod h1:waSIdwfZRYYHHxYLTl7WA8U1ezDNFc7G/nlyH1sjxv4=
github.com/stretchr/testify v1.8.1 h1:w7B6lhMri9wdJUVmEZPGGhZzrYTPvgJArz7wNPgYKsk=
golang.org/x/exp v0.0.0-20220303212507-bbda1eaf7a17 h1:3MTrJm4PyNL9NBqvYDSj3DHl46qQakyfqfWo4jgfaEM=
golang.org/x/exp v0.0.0-20220303212507-bbda1eaf7a17/go.mod h1:lgLbSvA5ygNOMpwM/9anMpWVlVJ7Z+cHWq/eFuinpGE=
gopkg.in/yaml.v3 v3.0.1 h1:fxVm/GzAzEWqLHuvctI91KS9hhNmmWOoWu0XTYJS7CA=
